# This file is autogenerated, do not edit; changes may be undone by the next 'dep ensure'.


[[projects]]
  digest = "1:2d3b4c5e58eb75c598774ee731c9c2c6058110a2bae91a8be85ce0f627a2482f"
  name = "github.com/panjf2000/ants"
  packages = ["."]
  pruneopts = "UT"
  revision = "ed55924e35ed21e28dce82ccba8146eef17110e9"
  version = "v3.6"

[solve-meta]
  analyzer-name = "dep"
  analyzer-version = 1
  input-imports = ["github.com/panjf2000/ants"]
  solver-name = "gps-cdcl"
  solver-version = 1
